
Microsoft Visual Studio Solution File, Format Version 12.00
# Visual Studio 15
VisualStudioVersion = 15.0.28307.106
MinimumVisualStudioVersion = 10.0.40219.1
Project("{9A19103F-16F7-4668-BE54-9A1E7A4F7556}") = "LCUNet", "LCUNet\LCUNet.csproj", "{6E0E8639-D29D-463F-9CEB-79D26AEBFDF7}"
EndProject
Project("{9A19103F-16F7-4668-BE54-9A1E7A4F7556}") = "LCUNet.Test", "LCUNet.Test\LCUNet.Test.csproj", "{4640C5E1-7D8E-47E9-8518-9F22F140F179}"
EndProject
Project("{2150E333-8FDC-42A3-9474-1A3956D46DE8}") = "Tools", "Tools", "{D135A5CF-FB2C-4555-BA8C-C8A1652685FD}"
EndProject
Project("{FAE04EC0-301F-11D3-BF4B-00C04F79EFBC}") = "IconBrowser", "IconBrowser\IconBrowser.csproj", "{5F122F55-417C-4F9F-B735-A9487C04B22B}"
EndProject
Global
	GlobalSection(SolutionConfigurationPlatforms) = preSolution
		Debug|Any CPU = Debug|Any CPU
		Release|Any CPU = Release|Any CPU
	EndGlobalSection
	GlobalSection(ProjectConfigurationPlatforms) = postSolution
		{6E0E8639-D29D-463F-9CEB-79D26AEBFDF7}.Debug|Any CPU.ActiveCfg = Debug|Any CPU
		{6E0E8639-D29D-463F-9CEB-79D26AEBFDF7}.Debug|Any CPU.Build.0 = Debug|Any CPU
		{6E0E8639-D29D-463F-9CEB-79D26AEBFDF7}.Release|Any CPU.ActiveCfg = Release|Any CPU
		{6E0E8639-D29D-463F-9CEB-79D26AEBFDF7}.Release|Any CPU.Build.0 = Release|Any CPU
		{4640C5E1-7D8E-47E9-8518-9F22F140F179}.Debug|Any CPU.ActiveCfg = Debug|Any CPU
		{4640C5E1-7D8E-47E9-8518-9F22F140F179}.Debug|Any CPU.Build.0 = Debug|Any CPU
		{4640C5E1-7D8E-47E9-8518-9F22F140F179}.Release|Any CPU.ActiveCfg = Release|Any CPU
		{4640C5E1-7D8E-47E9-8518-9F22F140F179}.Release|Any CPU.Build.0 = Release|Any CPU
		{5F122F55-417C-4F9F-B735-A9487C04B22B}.Debug|Any CPU.ActiveCfg = Debug|Any CPU
		{5F122F55-417C-4F9F-B735-A9487C04B22B}.Debug|Any CPU.Build.0 = Debug|Any CPU
		{5F122F55-417C-4F9F-B735-A9487C04B22B}.Release|Any CPU.ActiveCfg = Release|Any CPU
		{5F122F55-417C-4F9F-B735-A9487C04B22B}.Release|Any CPU.Build.0 = Release|Any CPU
	EndGlobalSection
	GlobalSection(SolutionProperties) = preSolution
		HideSolutionNode = FALSE
	EndGlobalSection
	GlobalSection(NestedProjects) = preSolution
		{5F122F55-417C-4F9F-B735-A9487C04B22B} = {D135A5CF-FB2C-4555-BA8C-C8A1652685FD}
	EndGlobalSection
	GlobalSection(ExtensibilityGlobals) = postSolution
		SolutionGuid = {4C7A65A4-E8EE-4CBB-B587-3FC092E3CC5C}
	EndGlobalSection
EndGlobal
